{
  "originHash" : "b3fa321e133cc5ea88084501c43f6c748ca91122b3de2f3292fbeac05cf50364",
  "pins" : [
    {
      "identity" : "ios-maps-sdk",
      "kind" : "remoteSourceControl",
      "location" : "https://github.com/googlemaps/ios-maps-sdk",
      "state" : {
        "revision" : "3786e5028d868482ef88140117d33efd60828300",
        "version" : "9.1.1"
      }
    },
    {
      "identity" : "ios-navigation-sdk",
      "kind" : "remoteSourceControl",
      "location" : "https://github.com/googlemaps/ios-navigation-sdk",
      "state" : {
        "revision" : "e23c780956bcc1f21c776b5530e24d0bbb7179e6",
        "version" : "9.1.2"
      }
    }
  ],
  "version" : 3
}
